
Microsoft Visual Studio Solution File, Format Version 10.00
# Visual Studio 2008
Project("{FAE04EC0-301F-11D3-BF4B-00C04F79EFBC}") = "SIMan", "SIMan\SIMan.csproj", "{FD0C2EC7-8986-4165-91D4-0DB91D734607}"
EndProject
Project("{B900F1C2-3D47-4FEC-85B3-04AAF18C3634}") = "SIManSETUP", "SIManSETUP\SIManSETUP.vddproj", "{70B1CD08-FF0D-4952-A484-07672296A0A9}"
EndProject
Global
	GlobalSection(SolutionConfigurationPlatforms) = preSolution
		Debug|Any CPU = Debug|Any CPU
		Release|Any CPU = Release|Any CPU
	EndGlobalSection
	GlobalSection(ProjectConfigurationPlatforms) = postSolution
		{FD0C2EC7-8986-4165-91D4-0DB91D734607}.Debug|Any CPU.ActiveCfg = Debug|Any CPU
		{FD0C2EC7-8986-4165-91D4-0DB91D734607}.Debug|Any CPU.Deploy.0 = Debug|Any CPU
		{FD0C2EC7-8986-4165-91D4-0DB91D734607}.Release|Any CPU.ActiveCfg = Release|Any CPU
		{FD0C2EC7-8986-4165-91D4-0DB91D734607}.Release|Any CPU.Build.0 = Release|Any CPU
		{FD0C2EC7-8986-4165-91D4-0DB91D734607}.Release|Any CPU.Deploy.0 = Release|Any CPU
		{70B1CD08-FF0D-4952-A484-07672296A0A9}.Debug|Any CPU.ActiveCfg = Debug
		{70B1CD08-FF0D-4952-A484-07672296A0A9}.Debug|Any CPU.Build.0 = Debug
		{70B1CD08-FF0D-4952-A484-07672296A0A9}.Release|Any CPU.ActiveCfg = Release
	EndGlobalSection
	GlobalSection(SolutionProperties) = preSolution
		HideSolutionNode = FALSE
	EndGlobalSection
EndGlobal
